# This file was autogenerated by Stack.
# You should not edit this file by hand.
# For more information, please see the documentation at:
#   https://docs.haskellstack.org/en/stable/lock_files

packages:
- completed:
    commit: 8d6cff69ae8da12bb7252e19e3c699ea90715ba7
    git: https://github.com/flipstone/flipstone-prelude.git
    name: flipstone-prelude
    pantry-tree:
      sha256: b29be645abae434834b09736365724ba4727338cb2c6a52cf5452bb929790fe6
      size: 728
    version: 0.1.0.0
  original:
    commit: 8d6cff69ae8da12bb7252e19e3c699ea90715ba7
    git: https://github.com/flipstone/flipstone-prelude.git
snapshots:
- completed:
    sha256: 4905c93319aa94aa53da8f41d614d7bacdbfe6c63a8c6132d32e6e62f24a9af4
    size: 649315
    url: https://raw.githubusercontent.com/commercialhaskell/stackage-snapshots/master/lts/20/6.yaml
  original:
    url: https://raw.githubusercontent.com/commercialhaskell/stackage-snapshots/master/lts/20/6.yaml
