# This file was autogenerated by Stack.
# You should not edit this file by hand.
# For more information, please see the documentation at:
#   https://docs.haskellstack.org/en/stable/lock_files

packages:
- completed:
    commit: b516a71f960149ff6cec163e2ee0c61478e913e0
    git: https://github.com/flipstone/flipstone-prelude.git
    name: flipstone-prelude
    pantry-tree:
      sha256: 353f9ee4141f50c0440a6289f377362f130ef014c22f66dce9ee22507cad04e9
      size: 728
    version: 0.1.0.0
  original:
    commit: b516a71f960149ff6cec163e2ee0c61478e913e0
    git: https://github.com/flipstone/flipstone-prelude.git
snapshots:
- completed:
    sha256: 4905c93319aa94aa53da8f41d614d7bacdbfe6c63a8c6132d32e6e62f24a9af4
    size: 649315
    url: https://raw.githubusercontent.com/commercialhaskell/stackage-snapshots/master/lts/20/6.yaml
  original:
    url: https://raw.githubusercontent.com/commercialhaskell/stackage-snapshots/master/lts/20/6.yaml
